
Microsoft Visual Studio Solution File, Format Version 12.00
# Visual Studio 15
VisualStudioVersion = 15.0.28307.1022
MinimumVisualStudioVersion = 10.0.40219.1
Project("{FAE04EC0-301F-11D3-BF4B-00C04F79EFBC}") = "FormFeedback", "FormFeedback\FormFeedback.csproj", "{0F988A7B-A8F6-479F-AD2D-D7D13BB8FE95}"
EndProject
Project("{FAE04EC0-301F-11D3-BF4B-00C04F79EFBC}") = "FormFeedbackAPI", "FormFeedbackAPI\FormFeedbackAPI.csproj", "{5E99F9B6-36EF-4B18-B80C-2C94C0FFA7E3}"
EndProject
Global
	GlobalSection(SolutionConfigurationPlatforms) = preSolution
		Debug|Any CPU = Debug|Any CPU
		Release|Any CPU = Release|Any CPU
	EndGlobalSection
	GlobalSection(ProjectConfigurationPlatforms) = postSolution
		{0F988A7B-A8F6-479F-AD2D-D7D13BB8FE95}.Debug|Any CPU.ActiveCfg = Debug|Any CPU
		{0F988A7B-A8F6-479F-AD2D-D7D13BB8FE95}.Debug|Any CPU.Build.0 = Debug|Any CPU
		{0F988A7B-A8F6-479F-AD2D-D7D13BB8FE95}.Release|Any CPU.ActiveCfg = Release|Any CPU
		{0F988A7B-A8F6-479F-AD2D-D7D13BB8FE95}.Release|Any CPU.Build.0 = Release|Any CPU
		{5E99F9B6-36EF-4B18-B80C-2C94C0FFA7E3}.Debug|Any CPU.ActiveCfg = Debug|Any CPU
		{5E99F9B6-36EF-4B18-B80C-2C94C0FFA7E3}.Debug|Any CPU.Build.0 = Debug|Any CPU
		{5E99F9B6-36EF-4B18-B80C-2C94C0FFA7E3}.Release|Any CPU.ActiveCfg = Release|Any CPU
		{5E99F9B6-36EF-4B18-B80C-2C94C0FFA7E3}.Release|Any CPU.Build.0 = Release|Any CPU
	EndGlobalSection
	GlobalSection(SolutionProperties) = preSolution
		HideSolutionNode = FALSE
	EndGlobalSection
	GlobalSection(ExtensibilityGlobals) = postSolution
		SolutionGuid = {54BE8ED3-D42D-4E73-8C9E-D9593FF79A01}
	EndGlobalSection
EndGlobal
